
Microsoft Visual Studio Solution File, Format Version 12.00
# Visual Studio 15
VisualStudioVersion = 15.0.28010.2036
MinimumVisualStudioVersion = 10.0.40219.1
Project("{FAE04EC0-301F-11D3-BF4B-00C04F79EFBC}") = "DataApp", "DataApp\DataApp.csproj", "{6A755AF3-10E0-4EB2-8503-12D66FEAF23F}"
EndProject
Global
	GlobalSection(SolutionConfigurationPlatforms) = preSolution
		Debug|Any CPU = Debug|Any CPU
		Release|Any CPU = Release|Any CPU
	EndGlobalSection
	GlobalSection(ProjectConfigurationPlatforms) = postSolution
		{6A755AF3-10E0-4EB2-8503-12D66FEAF23F}.Debug|Any CPU.ActiveCfg = Debug|Any CPU
		{6A755AF3-10E0-4EB2-8503-12D66FEAF23F}.Debug|Any CPU.Build.0 = Debug|Any CPU
		{6A755AF3-10E0-4EB2-8503-12D66FEAF23F}.Release|Any CPU.ActiveCfg = Release|Any CPU
		{6A755AF3-10E0-4EB2-8503-12D66FEAF23F}.Release|Any CPU.Build.0 = Release|Any CPU
	EndGlobalSection
	GlobalSection(SolutionProperties) = preSolution
		HideSolutionNode = FALSE
	EndGlobalSection
	GlobalSection(ExtensibilityGlobals) = postSolution
		SolutionGuid = {9C8ACF28-8367-4DC6-B138-8DB5D24223B4}
	EndGlobalSection
EndGlobal
